
Microsoft Visual Studio Solution File, Format Version 12.00
# Visual Studio Version 16
VisualStudioVersion = 16.0.808.7
MinimumVisualStudioVersion = 10.0.40219.1
Project("{FAE04EC0-301F-11D3-BF4B-00C04F79EFBC}") = "BranchesAndLoops", "BranchesAndLoops\BranchesAndLoops.csproj", "{446A115F-B403-4AD2-B0E6-46054D326871}"
EndProject
Global
	GlobalSection(SolutionConfigurationPlatforms) = preSolution
		Debug|Any CPU = Debug|Any CPU
		Release|Any CPU = Release|Any CPU
	EndGlobalSection
	GlobalSection(ProjectConfigurationPlatforms) = postSolution
		{446A115F-B403-4AD2-B0E6-46054D326871}.Debug|Any CPU.ActiveCfg = Debug|Any CPU
		{446A115F-B403-4AD2-B0E6-46054D326871}.Debug|Any CPU.Build.0 = Debug|Any CPU
		{446A115F-B403-4AD2-B0E6-46054D326871}.Release|Any CPU.ActiveCfg = Release|Any CPU
		{446A115F-B403-4AD2-B0E6-46054D326871}.Release|Any CPU.Build.0 = Release|Any CPU
	EndGlobalSection
	GlobalSection(SolutionProperties) = preSolution
		HideSolutionNode = FALSE
	EndGlobalSection
	GlobalSection(ExtensibilityGlobals) = postSolution
		SolutionGuid = {912674F1-D08B-4BCF-9251-B96FE4A09AEE}
	EndGlobalSection
EndGlobal
